
Microsoft Visual Studio Solution File, Format Version 12.00
# Visual Studio Version 16
VisualStudioVersion = 16.0.30523.141
MinimumVisualStudioVersion = 10.0.40219.1
Project("{9A19103F-16F7-4668-BE54-9A1E7A4F7556}") = "Chiperi_Geanina_Lab5", "Chiperi_Geanina_Lab5.csproj", "{EFF8D1EE-EE3D-43CA-9999-FED1E95402F3}"
EndProject
Global
	GlobalSection(SolutionConfigurationPlatforms) = preSolution
		Debug|Any CPU = Debug|Any CPU
		Release|Any CPU = Release|Any CPU
	EndGlobalSection
	GlobalSection(ProjectConfigurationPlatforms) = postSolution
		{EFF8D1EE-EE3D-43CA-9999-FED1E95402F3}.Debug|Any CPU.ActiveCfg = Debug|Any CPU
		{EFF8D1EE-EE3D-43CA-9999-FED1E95402F3}.Debug|Any CPU.Build.0 = Debug|Any CPU
		{EFF8D1EE-EE3D-43CA-9999-FED1E95402F3}.Release|Any CPU.ActiveCfg = Release|Any CPU
		{EFF8D1EE-EE3D-43CA-9999-FED1E95402F3}.Release|Any CPU.Build.0 = Release|Any CPU
	EndGlobalSection
	GlobalSection(SolutionProperties) = preSolution
		HideSolutionNode = FALSE
	EndGlobalSection
	GlobalSection(ExtensibilityGlobals) = postSolution
		SolutionGuid = {368773E8-95D8-4E53-A1C8-6F45DF57144D}
	EndGlobalSection
EndGlobal
